
Microsoft Visual Studio Solution File, Format Version 12.00
# Visual Studio Version 17
VisualStudioVersion = 17.14.36121.58 d17.14
MinimumVisualStudioVersion = 10.0.40219.1
Project("{FAE04EC0-301F-11D3-BF4B-00C04F79EFBC}") = "MomiaTrainSync", "MomiaTrainSync.csproj", "{1764C511-B3CB-4373-8143-E77CAEE5EF4D}"
EndProject
Global
	GlobalSection(SolutionConfigurationPlatforms) = preSolution
		Debug|Any CPU = Debug|Any CPU
		Release|Any CPU = Release|Any CPU
	EndGlobalSection
	GlobalSection(ProjectConfigurationPlatforms) = postSolution
		{1764C511-B3CB-4373-8143-E77CAEE5EF4D}.Debug|Any CPU.ActiveCfg = Debug|Any CPU
		{1764C511-B3CB-4373-8143-E77CAEE5EF4D}.Debug|Any CPU.Build.0 = Debug|Any CPU
		{1764C511-B3CB-4373-8143-E77CAEE5EF4D}.Release|Any CPU.ActiveCfg = Release|Any CPU
		{1764C511-B3CB-4373-8143-E77CAEE5EF4D}.Release|Any CPU.Build.0 = Release|Any CPU
	EndGlobalSection
	GlobalSection(SolutionProperties) = preSolution
		HideSolutionNode = FALSE
	EndGlobalSection
	GlobalSection(ExtensibilityGlobals) = postSolution
		SolutionGuid = {6584C54C-58D0-4BC5-B661-224E763E6FA3}
	EndGlobalSection
EndGlobal
